
Microsoft Visual Studio Solution File, Format Version 12.00
# Visual Studio Version 17
VisualStudioVersion = 17.0.31919.166
MinimumVisualStudioVersion = 10.0.40219.1
Project("{FAE04EC0-301F-11D3-BF4B-00C04F79EFBC}") = "morpion", "morpion\morpion.csproj", "{34D5349F-AD9A-4F80-BC1B-278918BC76E2}"
EndProject
Global
	GlobalSection(SolutionConfigurationPlatforms) = preSolution
		Debug|Any CPU = Debug|Any CPU
		Release|Any CPU = Release|Any CPU
	EndGlobalSection
	GlobalSection(ProjectConfigurationPlatforms) = postSolution
		{34D5349F-AD9A-4F80-BC1B-278918BC76E2}.Debug|Any CPU.ActiveCfg = Debug|Any CPU
		{34D5349F-AD9A-4F80-BC1B-278918BC76E2}.Debug|Any CPU.Build.0 = Debug|Any CPU
		{34D5349F-AD9A-4F80-BC1B-278918BC76E2}.Release|Any CPU.ActiveCfg = Release|Any CPU
		{34D5349F-AD9A-4F80-BC1B-278918BC76E2}.Release|Any CPU.Build.0 = Release|Any CPU
	EndGlobalSection
	GlobalSection(SolutionProperties) = preSolution
		HideSolutionNode = FALSE
	EndGlobalSection
	GlobalSection(ExtensibilityGlobals) = postSolution
		SolutionGuid = {3338FCE9-DC8B-4991-A48D-3C7429243043}
	EndGlobalSection
EndGlobal
